github.com/chenghanxyu/toha/v4 v4.0.0-20230129142600-060626326a19 h1:wzoUKF7r/d3vyebCoxNwVomTSGDjYfFXkQvUHBv1FKc=
github.com/chenghanxyu/toha/v4 v4.0.0-20230129142600-060626326a19/go.mod h1:G3ZlOq1ztsUTIMyZe8ZezX0UTSXQLNuoUo7//tR6sx8=
github.com/chenghanxyu/toha/v4 v4.0.0-20230131072434-abf42a80fa88 h1:/gkw7r8Ua1XEO7Rw8tTLSeoiWShvssO8pJgv3DyPV8w=
github.com/chenghanxyu/toha/v4 v4.0.0-20230131072434-abf42a80fa88/go.mod h1:G3ZlOq1ztsUTIMyZe8ZezX0UTSXQLNuoUo7//tR6sx8=
github.com/chenghanxyu/toha/v4 v4.0.0-20230131074801-b86a4009c669 h1:L6em3ET+BFApPLsgYr6NA4fqyS4QcV4lpnE1ajlq76I=
github.com/chenghanxyu/toha/v4 v4.0.0-20230131074801-b86a4009c669/go.mod h1:G3ZlOq1ztsUTIMyZe8ZezX0UTSXQLNuoUo7//tR6sx8=
github.com/chenghanxyu/toha/v4 v4.0.0-20230131075039-c5eb3cbc94de h1:m0C4Z8RLliuU1NYQIOWmielnuT5+TudhL7N7rAhmmyY=
github.com/chenghanxyu/toha/v4 v4.0.0-20230131075039-c5eb3cbc94de/go.mod h1:G3ZlOq1ztsUTIMyZe8ZezX0UTSXQLNuoUo7//tR6sx8=
github.com/chenghanxyu/toha/v4 v4.0.0-20230131075603-e494d1e16298 h1:wZ8eGM3zbsjKVMgvzJVcnnay482BeoQ48OSSOHCeSUA=
github.com/chenghanxyu/toha/v4 v4.0.0-20230131075603-e494d1e16298/go.mod h1:G3ZlOq1ztsUTIMyZe8ZezX0UTSXQLNuoUo7//tR6sx8=
